{
  "name": "@vmware-pscoe/polyglotpkg",
  "version": "2.33.1-SNAPSHOT",
  "lockfileVersion": 1,
  "requires": true,
  "dependencies": {
    "@colors/colors": {
      "version": "1.5.0",
      "resolved": "http://artifactory.pscoe.vmware.com/artifactory/api/npm/pscoe-npm/@colors/colors/-/colors-1.5.0.tgz",
      "integrity": "sha1-u1BFecHK6SPmV2pPXaQ9Jfl729k="
    },
    "@dabh/diagnostics": {
      "version": "2.0.3",
      "resolved": "http://artifactory.pscoe.vmware.com/artifactory/api/npm/pscoe-npm/@dabh/diagnostics/-/diagnostics-2.0.3.tgz",
      "integrity": "sha1-f36X7ppyXf/HgI2TZozJhOHcR3o=",
      "requires": {
        "colorspace": "1.1.x",
        "enabled": "2.0.x",
        "kuler": "^2.0.0"
      }
    },
    "@nodelib/fs.scandir": {
      "version": "2.1.5",
      "resolved": "http://artifactory.pscoe.vmware.com/artifactory/api/npm/pscoe-npm/@nodelib/fs.scandir/-/fs.scandir-2.1.5.tgz",
      "integrity": "sha1-dhnC6yGyVIP20WdUi0z9WnSIw9U=",
      "requires": {
        "@nodelib/fs.stat": "2.0.5",
        "run-parallel": "^1.1.9"
      }
    },
    "@nodelib/fs.stat": {
      "version": "2.0.5",
      "resolved": "http://artifactory.pscoe.vmware.com/artifactory/api/npm/pscoe-npm/@nodelib/fs.stat/-/fs.stat-2.0.5.tgz",
      "integrity": "sha1-W9Jir5Tp0lvR5xsF3u1Eh2oiLos="
    },
    "@nodelib/fs.walk": {
      "version": "1.2.8",
      "resolved": "http://artifactory.pscoe.vmware.com/artifactory/api/npm/pscoe-npm/@nodelib/fs.walk/-/fs.walk-1.2.8.tgz",
      "integrity": "sha1-6Vc36LtnRt3t9pxVaVNJTxlv5po=",
      "requires": {
        "@nodelib/fs.scandir": "2.1.5",
        "fastq": "^1.6.0"
      }
    },
    "@oozcitak/dom": {
      "version": "1.15.8",
      "resolved": "http://artifactory.pscoe.vmware.com/artifactory/api/npm/pscoe-npm/@oozcitak/dom/-/dom-1.15.8.tgz",
      "integrity": "sha1-DAx7tUz9qtwH/WN5E+cGEBch0V0=",
      "requires": {
        "@oozcitak/infra": "1.0.8",
        "@oozcitak/url": "1.0.4",
        "@oozcitak/util": "8.3.8"
      }
    },
    "@oozcitak/infra": {
      "version": "1.0.8",
      "resolved": "http://artifactory.pscoe.vmware.com/artifactory/api/npm/pscoe-npm/@oozcitak/infra/-/infra-1.0.8.tgz",
      "integrity": "sha1-sLCJQh99D2h4aHYIMB+6uoN6fRc=",
      "requires": {
        "@oozcitak/util": "8.3.8"
      }
    },
    "@oozcitak/url": {
      "version": "1.0.4",
      "resolved": "http://artifactory.pscoe.vmware.com/artifactory/api/npm/pscoe-npm/@oozcitak/url/-/url-1.0.4.tgz",
      "integrity": "sha1-yosch2MZz1pkjfoRI2AKaqXNpro=",
      "requires": {
        "@oozcitak/infra": "1.0.8",
        "@oozcitak/util": "8.3.8"
      }
    },
    "@oozcitak/util": {
      "version": "8.3.8",
      "resolved": "http://artifactory.pscoe.vmware.com/artifactory/api/npm/pscoe-npm/@oozcitak/util/-/util-8.3.8.tgz",
      "integrity": "sha1-EPZf4Ykf2M3klXNgg154/Rk2v90="
    },
    "@types/adm-zip": {
      "version": "0.4.34",
      "resolved": "http://artifactory.pscoe.vmware.com/artifactory/api/npm/pscoe-npm/@types/adm-zip/-/adm-zip-0.4.34.tgz",
      "integrity": "sha1-YqyFnrKvYCQ2Khs+Q1J6t54MYk4=",
      "dev": true,
      "requires": {
        "@types/node": "*"
      }
    },
    "@types/command-line-args": {
      "version": "5.2.0",
      "resolved": "http://artifactory.pscoe.vmware.com/artifactory/api/npm/pscoe-npm/@types/command-line-args/-/command-line-args-5.2.0.tgz",
      "integrity": "sha1-rbt3mAocw3a7II4/QULpB0EEMPY=",
      "dev": true
    },
    "@types/fs-extra": {
      "version": "9.0.13",
      "resolved": "http://artifactory.pscoe.vmware.com/artifactory/api/npm/pscoe-npm/@types/fs-extra/-/fs-extra-9.0.13.tgz",
      "integrity": "sha1-dZT7rgT+fxkYzos9IT90/0SsH0U=",
      "dev": true,
      "requires": {
        "@types/node": "*"
      }
    },
    "@types/lodash": {
      "version": "4.14.182",
      "resolved": "http://artifactory.pscoe.vmware.com/artifactory/api/npm/pscoe-npm/@types/lodash/-/lodash-4.14.182.tgz",
      "integrity": "sha1-BTAaTV5iljIn6q/gzgTdd8VOpcI=",
      "dev": true
    },
    "@types/mocha": {
      "version": "10.0.1",
      "resolved": "http://artifactory.pscoe.vmware.com/artifactory/api/npm/pscoe-npm/@types/mocha/-/mocha-10.0.1.tgz",
      "integrity": "sha1-L09luwi8NorDnJbaey8JFAsmhRs=",
      "dev": true
    },
    "@types/node": {
      "version": "14.18.48",
      "resolved": "http://artifactory.pscoe.vmware.com/artifactory/api/npm/pscoe-npm/@types/node/-/node-14.18.48.tgz",
      "integrity": "sha1-7lx6xuOP0qnmiF8VwANGTPLaNDw=",
      "dev": true
    },
    "@types/triple-beam": {
      "version": "1.3.2",
      "resolved": "http://artifactory.pscoe.vmware.com/artifactory/api/npm/pscoe-npm/@types/triple-beam/-/triple-beam-1.3.2.tgz",
      "integrity": "sha1-OOy2TwGqDQK3yPQiLXw4r2MW/vg="
    },
    "@types/uuid": {
      "version": "8.3.4",
      "resolved": "http://artifactory.pscoe.vmware.com/artifactory/api/npm/pscoe-npm/@types/uuid/-/uuid-8.3.4.tgz",
      "integrity": "sha1-vYakNhffBZR4fTi3NfVcgFvs8bw=",
      "dev": true
    },
    "@types/which": {
      "version": "1.3.2",
      "resolved": "http://artifactory.pscoe.vmware.com/artifactory/api/npm/pscoe-npm/@types/which/-/which-1.3.2.tgz",
      "integrity": "sha1-nCRvwMk97TEchRLfKJH7QfYif98=",
      "dev": true
    },
    "adm-zip": {
      "version": "0.4.16",
      "resolved": "http://artifactory.pscoe.vmware.com/artifactory/api/npm/pscoe-npm/adm-zip/-/adm-zip-0.4.16.tgz",
      "integrity": "sha1-z0xQj9/6sCwmnLx/RxqHXwVXA2U="
    },
    "ansi-colors": {
      "version": "4.1.1",
      "resolved": "http://artifactory.pscoe.vmware.com/artifactory/api/npm/pscoe-npm/ansi-colors/-/ansi-colors-4.1.1.tgz",
      "integrity": "sha1-y7muJWv3UK8eqzRPIpqif+lLo0g=",
      "dev": true
    },
    "ansi-regex": {
      "version": "5.0.1",
      "resolved": "http://artifactory.pscoe.vmware.com/artifactory/api/npm/pscoe-npm/ansi-regex/-/ansi-regex-5.0.1.tgz",
      "integrity": "sha1-CCyyyJyf6GWaMRpTvWpNxTAdswQ=",
      "dev": true
    },
    "ansi-styles": {
      "version": "4.3.0",
      "resolved": "http://artifactory.pscoe.vmware.com/artifactory/api/npm/pscoe-npm/ansi-styles/-/ansi-styles-4.3.0.tgz",
      "integrity": "sha1-7dgDYornHATIWuegkG7a00tkiTc=",
      "dev": true,
      "requires": {
        "color-convert": "^2.0.1"
      },
      "dependencies": {
        "color-convert": {
          "version": "2.0.1",
          "resolved": "http://artifactory.pscoe.vmware.com/artifactory/api/npm/pscoe-npm/color-convert/-/color-convert-2.0.1.tgz",
          "integrity": "sha1-ctOmjVmMm9s68q0ehPIdiWq9TeM=",
          "dev": true,
          "requires": {
            "color-name": "~1.1.4"
          }
        },
        "color-name": {
          "version": "1.1.4",
          "resolved": "http://artifactory.pscoe.vmware.com/artifactory/api/npm/pscoe-npm/color-name/-/color-name-1.1.4.tgz",
          "integrity": "sha1-wqCah6y95pVD3m9j+jmVyCbFNqI=",
          "dev": true
        }
      }
    },
    "anymatch": {
      "version": "3.1.3",
      "resolved": "http://artifactory.pscoe.vmware.com/artifactory/api/npm/pscoe-npm/anymatch/-/anymatch-3.1.3.tgz",
      "integrity": "sha1-eQxYsZuhcgqEIFtXxhjVrYUklz4=",
      "dev": true,
      "requires": {
        "normalize-path": "^3.0.0",
        "picomatch": "^2.0.4"
      }
    },
    "arg": {
      "version": "4.1.3",
      "resolved": "http://artifactory.pscoe.vmware.com/artifactory/api/npm/pscoe-npm/arg/-/arg-4.1.3.tgz",
      "integrity": "sha1-Jp/HrVuOQstjyJbVZmAXJhwUQIk=",
      "dev": true
    },
    "argparse": {
      "version": "1.0.10",
      "resolved": "http://artifactory.pscoe.vmware.com/artifactory/api/npm/pscoe-npm/argparse/-/argparse-1.0.10.tgz",
      "integrity": "sha1-vNZ5HqWuCXJeF+WtmIE0zUCz2RE=",
      "requires": {
        "sprintf-js": "~1.0.2"
      }
    },
    "array-back": {
      "version": "3.1.0",
      "resolved": "http://artifactory.pscoe.vmware.com/artifactory/api/npm/pscoe-npm/array-back/-/array-back-3.1.0.tgz",
      "integrity": "sha1-uIWdelCIccmnss9C+ZQo9l6Wv7A="
    },
    "array-union": {
      "version": "2.1.0",
      "resolved": "http://artifactory.pscoe.vmware.com/artifactory/api/npm/pscoe-npm/array-union/-/array-union-2.1.0.tgz",
      "integrity": "sha1-t5hCCtvrHego2ErNii4j0+/oXo0="
    },
    "async": {
      "version": "3.2.4",
      "resolved": "http://artifactory.pscoe.vmware.com/artifactory/api/npm/pscoe-npm/async/-/async-3.2.4.tgz",
      "integrity": "sha1-LSLgD4zd61/eXdM1IrVtHPVpqBw="
    },
    "at-least-node": {
      "version": "1.0.0",
      "resolved": "http://artifactory.pscoe.vmware.com/artifactory/api/npm/pscoe-npm/at-least-node/-/at-least-node-1.0.0.tgz",
      "integrity": "sha1-YCzUtG6EStTv/JKoARo8RuAjjcI="
    },
    "balanced-match": {
      "version": "1.0.2",
      "resolved": "http://artifactory.pscoe.vmware.com/artifactory/api/npm/pscoe-npm/balanced-match/-/balanced-match-1.0.2.tgz",
      "integrity": "sha1-6D46fj8wCzTLnYf2FfoMvzV2kO4=",
      "dev": true
    },
    "binary-extensions": {
      "version": "2.2.0",
      "resolved": "http://artifactory.pscoe.vmware.com/artifactory/api/npm/pscoe-npm/binary-extensions/-/binary-extensions-2.2.0.tgz",
      "integrity": "sha1-dfUC7q+f/eQvyYgpZFvk6na9ni0=",
      "dev": true
    },
    "brace-expansion": {
      "version": "1.1.11",
      "resolved": "http://artifactory.pscoe.vmware.com/artifactory/api/npm/pscoe-npm/brace-expansion/-/brace-expansion-1.1.11.tgz",
      "integrity": "sha1-PH/L9SnYcibz0vUrlm/1Jx60Qd0=",
      "dev": true,
      "requires": {
        "balanced-match": "^1.0.0",
        "concat-map": "0.0.1"
      }
    },
    "braces": {
      "version": "3.0.2",
      "resolved": "http://artifactory.pscoe.vmware.com/artifactory/api/npm/pscoe-npm/braces/-/braces-3.0.2.tgz",
      "integrity": "sha1-NFThpGLujVmeI23zNs2epPiv4Qc=",
      "requires": {
        "fill-range": "^7.0.1"
      }
    },
    "browser-stdout": {
      "version": "1.3.1",
      "resolved": "http://artifactory.pscoe.vmware.com/artifactory/api/npm/pscoe-npm/browser-stdout/-/browser-stdout-1.3.1.tgz",
      "integrity": "sha1-uqVZ7hTO1zRSIputcyZGfGH6vWA=",
      "dev": true
    },
    "buffer-from": {
      "version": "1.1.2",
      "resolved": "http://artifactory.pscoe.vmware.com/artifactory/api/npm/pscoe-npm/buffer-from/-/buffer-from-1.1.2.tgz",
      "integrity": "sha1-KxRqb9cugLT1XSVfNe1Zo6mkG9U=",
      "dev": true
    },
    "camelcase": {
      "version": "6.3.0",
      "resolved": "http://artifactory.pscoe.vmware.com/artifactory/api/npm/pscoe-npm/camelcase/-/camelcase-6.3.0.tgz",
      "integrity": "sha1-VoW5XrIJrJwMF3Rnd4ychN9Yupo=",
      "dev": true
    },
    "chalk": {
      "version": "4.1.2",
      "resolved": "http://artifactory.pscoe.vmware.com/artifactory/api/npm/pscoe-npm/chalk/-/chalk-4.1.2.tgz",
      "integrity": "sha1-qsTit3NKdAhnrrFr8CqtVWoeegE=",
      "dev": true,
      "requires": {
        "ansi-styles": "^4.1.0",
        "supports-color": "^7.1.0"
      },
      "dependencies": {
        "supports-color": {
          "version": "7.2.0",
          "resolved": "http://artifactory.pscoe.vmware.com/artifactory/api/npm/pscoe-npm/supports-color/-/supports-color-7.2.0.tgz",
          "integrity": "sha1-G33NyzK4E4gBs+R4umpRyqiWSNo=",
          "dev": true,
          "requires": {
            "has-flag": "^4.0.0"
          }
        }
      }
    },
    "chokidar": {
      "version": "3.5.3",
      "resolved": "http://artifactory.pscoe.vmware.com/artifactory/api/npm/pscoe-npm/chokidar/-/chokidar-3.5.3.tgz",
      "integrity": "sha1-HPN8hwe5Mr0a8a4iwEMuKs0ZA70=",
      "dev": true,
      "requires": {
        "anymatch": "~3.1.2",
        "braces": "~3.0.2",
        "fsevents": "~2.3.2",
        "glob-parent": "~5.1.2",
        "is-binary-path": "~2.1.0",
        "is-glob": "~4.0.1",
        "normalize-path": "~3.0.0",
        "readdirp": "~3.6.0"
      }
    },
    "cliui": {
      "version": "7.0.4",
      "resolved": "http://artifactory.pscoe.vmware.com/artifactory/api/npm/pscoe-npm/cliui/-/cliui-7.0.4.tgz",
      "integrity": "sha1-oCZe5lVHb8gHrqnfPfjfd4OAi08=",
      "dev": true,
      "requires": {
        "string-width": "^4.2.0",
        "strip-ansi": "^6.0.0",
        "wrap-ansi": "^7.0.0"
      }
    },
    "color": {
      "version": "3.2.1",
      "resolved": "http://artifactory.pscoe.vmware.com/artifactory/api/npm/pscoe-npm/color/-/color-3.2.1.tgz",
      "integrity": "sha1-NUTcGYyvRJDD7MmnkLVP6f9F4WQ=",
      "requires": {
        "color-convert": "^1.9.3",
        "color-string": "^1.6.0"
      }
    },
    "color-convert": {
      "version": "1.9.3",
      "resolved": "http://artifactory.pscoe.vmware.com/artifactory/api/npm/pscoe-npm/color-convert/-/color-convert-1.9.3.tgz",
      "integrity": "sha1-u3GFBpDh8TZWfeYp0tVHHe2kweg=",
      "requires": {
        "color-name": "1.1.3"
      }
    },
    "color-name": {
      "version": "1.1.3",
      "resolved": "http://artifactory.pscoe.vmware.com/artifactory/api/npm/pscoe-npm/color-name/-/color-name-1.1.3.tgz",
      "integrity": "sha1-p9BVi9icQveV3UIyj3QIMcpTvCU="
    },
    "color-string": {
      "version": "1.9.1",
      "resolved": "http://artifactory.pscoe.vmware.com/artifactory/api/npm/pscoe-npm/color-string/-/color-string-1.9.1.tgz",
      "integrity": "sha1-RGf5FG8Db4Vbdk37W/hYK/NCx6Q=",
      "requires": {
        "color-name": "^1.0.0",
        "simple-swizzle": "^0.2.2"
      }
    },
    "colorspace": {
      "version": "1.1.4",
      "resolved": "http://artifactory.pscoe.vmware.com/artifactory/api/npm/pscoe-npm/colorspace/-/colorspace-1.1.4.tgz",
      "integrity": "sha1-jUQtEYYVL2BFO/gHDNZus2TlkkM=",
      "requires": {
        "color": "^3.1.3",
        "text-hex": "1.0.x"
      }
    },
    "command-line-args": {
      "version": "5.2.1",
      "resolved": "http://artifactory.pscoe.vmware.com/artifactory/api/npm/pscoe-npm/command-line-args/-/command-line-args-5.2.1.tgz",
      "integrity": "sha1-xEwy5DelfXxRFXaWiTxZCenOxC4=",
      "requires": {
        "array-back": "^3.1.0",
        "find-replace": "^3.0.0",
        "lodash.camelcase": "^4.3.0",
        "typical": "^4.0.0"
      }
    },
    "concat-map": {
      "version": "0.0.1",
      "resolved": "http://artifactory.pscoe.vmware.com/artifactory/api/npm/pscoe-npm/concat-map/-/concat-map-0.0.1.tgz",
      "integrity": "sha1-2Klr13/Wjfd5OnMDajug1UBdR3s=",
      "dev": true
    },
    "debug": {
      "version": "4.3.4",
      "resolved": "http://artifactory.pscoe.vmware.com/artifactory/api/npm/pscoe-npm/debug/-/debug-4.3.4.tgz",
      "integrity": "sha1-Exn2V5NX8jONMzfSzdSRS7XcyGU=",
      "dev": true,
      "requires": {
        "ms": "2.1.2"
      },
      "dependencies": {
        "ms": {
          "version": "2.1.2",
          "resolved": "http://artifactory.pscoe.vmware.com/artifactory/api/npm/pscoe-npm/ms/-/ms-2.1.2.tgz",
          "integrity": "sha1-0J0fNXtEP0kzgqjrPM0YOHKuYAk=",
          "dev": true
        }
      }
    },
    "decamelize": {
      "version": "4.0.0",
      "resolved": "http://artifactory.pscoe.vmware.com/artifactory/api/npm/pscoe-npm/decamelize/-/decamelize-4.0.0.tgz",
      "integrity": "sha1-qkcte/Zg6xXzSU79UxyrfypwmDc=",
      "dev": true
    },
    "diff": {
      "version": "5.0.0",
      "resolved": "http://artifactory.pscoe.vmware.com/artifactory/api/npm/pscoe-npm/diff/-/diff-5.0.0.tgz",
      "integrity": "sha1-ftatdthZ0DB4fsNYVfWx2vMdhSs=",
      "dev": true
    },
    "dir-glob": {
      "version": "3.0.1",
      "resolved": "http://artifactory.pscoe.vmware.com/artifactory/api/npm/pscoe-npm/dir-glob/-/dir-glob-3.0.1.tgz",
      "integrity": "sha1-Vtv3PZkqSpO6FYT0U0Bj/S5BcX8=",
      "requires": {
        "path-type": "^4.0.0"
      }
    },
    "emoji-regex": {
      "version": "8.0.0",
      "resolved": "http://artifactory.pscoe.vmware.com/artifactory/api/npm/pscoe-npm/emoji-regex/-/emoji-regex-8.0.0.tgz",
      "integrity": "sha1-6Bj9ac5cz8tARZT4QpY79TFkzDc=",
      "dev": true
    },
    "enabled": {
      "version": "2.0.0",
      "resolved": "http://artifactory.pscoe.vmware.com/artifactory/api/npm/pscoe-npm/enabled/-/enabled-2.0.0.tgz",
      "integrity": "sha1-+d2S7C1vS7wNXR5k4h1hzUZl58I="
    },
    "escalade": {
      "version": "3.1.1",
      "resolved": "http://artifactory.pscoe.vmware.com/artifactory/api/npm/pscoe-npm/escalade/-/escalade-3.1.1.tgz",
      "integrity": "sha1-2M/ccACWXFoBdLSoLqpcBVJ0LkA=",
      "dev": true
    },
    "escape-string-regexp": {
      "version": "4.0.0",
      "resolved": "http://artifactory.pscoe.vmware.com/artifactory/api/npm/pscoe-npm/escape-string-regexp/-/escape-string-regexp-4.0.0.tgz",
      "integrity": "sha1-FLqDpdNz49MR5a/KKc9b+tllvzQ=",
      "dev": true
    },
    "esprima": {
      "version": "4.0.1",
      "resolved": "http://artifactory.pscoe.vmware.com/artifactory/api/npm/pscoe-npm/esprima/-/esprima-4.0.1.tgz",
      "integrity": "sha1-E7BM2z5sXRnfkatph6hpVhmwqnE="
    },
    "fast-glob": {
      "version": "3.2.12",
      "resolved": "http://artifactory.pscoe.vmware.com/artifactory/api/npm/pscoe-npm/fast-glob/-/fast-glob-3.2.12.tgz",
      "integrity": "sha1-fznsmcLmqwMDNxQtqeDBjzevroA=",
      "requires": {
        "@nodelib/fs.stat": "^2.0.2",
        "@nodelib/fs.walk": "^1.2.3",
        "glob-parent": "^5.1.2",
        "merge2": "^1.3.0",
        "micromatch": "^4.0.4"
      }
    },
    "fastq": {
      "version": "1.15.0",
      "resolved": "http://artifactory.pscoe.vmware.com/artifactory/api/npm/pscoe-npm/fastq/-/fastq-1.15.0.tgz",
      "integrity": "sha1-0E0HxqKmj+RZn+qNLhA6k3+uazo=",
      "requires": {
        "reusify": "^1.0.4"
      }
    },
    "fecha": {
      "version": "4.2.3",
      "resolved": "http://artifactory.pscoe.vmware.com/artifactory/api/npm/pscoe-npm/fecha/-/fecha-4.2.3.tgz",
      "integrity": "sha1-TZzNvGHoYpsln9ymfmWJFEjVaf0="
    },
    "fill-range": {
      "version": "7.0.1",
      "resolved": "http://artifactory.pscoe.vmware.com/artifactory/api/npm/pscoe-npm/fill-range/-/fill-range-7.0.1.tgz",
      "integrity": "sha1-GRmmp8df44ssfHflGYU12prN2kA=",
      "requires": {
        "to-regex-range": "^5.0.1"
      }
    },
    "find-replace": {
      "version": "3.0.0",
      "resolved": "http://artifactory.pscoe.vmware.com/artifactory/api/npm/pscoe-npm/find-replace/-/find-replace-3.0.0.tgz",
      "integrity": "sha1-Pn4j07BRZ6dvdwyfvVJYsN72jDg=",
      "requires": {
        "array-back": "^3.0.1"
      }
    },
    "find-up": {
      "version": "5.0.0",
      "resolved": "http://artifactory.pscoe.vmware.com/artifactory/api/npm/pscoe-npm/find-up/-/find-up-5.0.0.tgz",
      "integrity": "sha1-TJKBnstwg1YeT0okCoa+UZj1Nvw=",
      "dev": true,
      "requires": {
        "locate-path": "^6.0.0",
        "path-exists": "^4.0.0"
      }
    },
    "flat": {
      "version": "5.0.2",
      "resolved": "http://artifactory.pscoe.vmware.com/artifactory/api/npm/pscoe-npm/flat/-/flat-5.0.2.tgz",
      "integrity": "sha1-jKb+MyBp/6nTJMMnGYxZglnOskE=",
      "dev": true
    },
    "fn.name": {
      "version": "1.1.0",
      "resolved": "http://artifactory.pscoe.vmware.com/artifactory/api/npm/pscoe-npm/fn.name/-/fn.name-1.1.0.tgz",
      "integrity": "sha1-JsrYAXlnrqhzG8QpYdBKPVmIrMw="
    },
    "fs-extra": {
      "version": "9.1.0",
      "resolved": "http://artifactory.pscoe.vmware.com/artifactory/api/npm/pscoe-npm/fs-extra/-/fs-extra-9.1.0.tgz",
      "integrity": "sha1-WVRGDHZKjaIJS6NVS/g55rmnyG0=",
      "requires": {
        "at-least-node": "^1.0.0",
        "graceful-fs": "^4.2.0",
        "jsonfile": "^6.0.1",
        "universalify": "^2.0.0"
      }
    },
    "fs.realpath": {
      "version": "1.0.0",
      "resolved": "http://artifactory.pscoe.vmware.com/artifactory/api/npm/pscoe-npm/fs.realpath/-/fs.realpath-1.0.0.tgz",
      "integrity": "sha1-FQStJSMVjKpA20onh8sBQRmU6k8=",
      "dev": true
    },
    "fsevents": {
      "version": "2.3.2",
      "resolved": "http://artifactory.pscoe.vmware.com/artifactory/api/npm/pscoe-npm/fsevents/-/fsevents-2.3.2.tgz",
      "integrity": "sha1-ilJveLj99GI7cJ4Ll1xSwkwC/Ro=",
      "optional": true
    },
    "get-caller-file": {
      "version": "2.0.5",
      "resolved": "http://artifactory.pscoe.vmware.com/artifactory/api/npm/pscoe-npm/get-caller-file/-/get-caller-file-2.0.5.tgz",
      "integrity": "sha1-T5RBKoLbMvNuOwuXQfipf+sDH34=",
      "dev": true
    },
    "glob": {
      "version": "7.2.0",
      "resolved": "http://artifactory.pscoe.vmware.com/artifactory/api/npm/pscoe-npm/glob/-/glob-7.2.0.tgz",
      "integrity": "sha1-0VU1r3cy4C6Uj0xBYovZECk/YCM=",
      "dev": true,
      "requires": {
        "fs.realpath": "^1.0.0",
        "inflight": "^1.0.4",
        "inherits": "2",
        "minimatch": "^3.0.4",
        "once": "^1.3.0",
        "path-is-absolute": "^1.0.0"
      },
      "dependencies": {
        "minimatch": {
          "version": "3.1.2",
          "resolved": "http://artifactory.pscoe.vmware.com/artifactory/api/npm/pscoe-npm/minimatch/-/minimatch-3.1.2.tgz",
          "integrity": "sha1-Gc0ZS/0+Qo8EmnCBfAONiatL41s=",
          "dev": true,
          "requires": {
            "brace-expansion": "^1.1.7"
          }
        }
      }
    },
    "glob-parent": {
      "version": "5.1.2",
      "resolved": "http://artifactory.pscoe.vmware.com/artifactory/api/npm/pscoe-npm/glob-parent/-/glob-parent-5.1.2.tgz",
      "integrity": "sha1-hpgyxYA0/mikCTwX3BXoNA2EAcQ=",
      "requires": {
        "is-glob": "^4.0.1"
      }
    },
    "globby": {
      "version": "11.1.0",
      "resolved": "http://artifactory.pscoe.vmware.com/artifactory/api/npm/pscoe-npm/globby/-/globby-11.1.0.tgz",
      "integrity": "sha1-vUvpi7BC+D15b344EZkfvoKg00s=",
      "requires": {
        "array-union": "^2.1.0",
        "dir-glob": "^3.0.1",
        "fast-glob": "^3.2.9",
        "ignore": "^5.2.0",
        "merge2": "^1.4.1",
        "slash": "^3.0.0"
      }
    },
    "graceful-fs": {
      "version": "4.2.11",
      "resolved": "http://artifactory.pscoe.vmware.com/artifactory/api/npm/pscoe-npm/graceful-fs/-/graceful-fs-4.2.11.tgz",
      "integrity": "sha1-QYPk6L8Iu24Fu7L30uDI9xLKQOM="
    },
    "has-flag": {
      "version": "4.0.0",
      "resolved": "http://artifactory.pscoe.vmware.com/artifactory/api/npm/pscoe-npm/has-flag/-/has-flag-4.0.0.tgz",
      "integrity": "sha1-lEdx/ZyByBJlxNaUGGDaBrtZR5s=",
      "dev": true
    },
    "he": {
      "version": "1.2.0",
      "resolved": "http://artifactory.pscoe.vmware.com/artifactory/api/npm/pscoe-npm/he/-/he-1.2.0.tgz",
      "integrity": "sha1-hK5l+n6vsWX922FWauFLrwVmTw8=",
      "dev": true
    },
    "ignore": {
      "version": "5.2.4",
      "resolved": "http://artifactory.pscoe.vmware.com/artifactory/api/npm/pscoe-npm/ignore/-/ignore-5.2.4.tgz",
      "integrity": "sha1-opHAxheP8blgvv5H/N7DAWdKYyQ="
    },
    "inflight": {
      "version": "1.0.6",
      "resolved": "http://artifactory.pscoe.vmware.com/artifactory/api/npm/pscoe-npm/inflight/-/inflight-1.0.6.tgz",
      "integrity": "sha1-Sb1jMdfQLQwJvJEKEHW6gWW1bfk=",
      "dev": true,
      "requires": {
        "once": "^1.3.0",
        "wrappy": "1"
      }
    },
    "inherits": {
      "version": "2.0.4",
      "resolved": "http://artifactory.pscoe.vmware.com/artifactory/api/npm/pscoe-npm/inherits/-/inherits-2.0.4.tgz",
      "integrity": "sha1-D6LGT5MpF8NDOg3tVTY6rjdBa3w="
    },
    "is-arrayish": {
      "version": "0.3.2",
      "resolved": "http://artifactory.pscoe.vmware.com/artifactory/api/npm/pscoe-npm/is-arrayish/-/is-arrayish-0.3.2.tgz",
      "integrity": "sha1-RXSirlb3qyBolvtDHq7tBm/fjwM="
    },
    "is-binary-path": {
      "version": "2.1.0",
      "resolved": "http://artifactory.pscoe.vmware.com/artifactory/api/npm/pscoe-npm/is-binary-path/-/is-binary-path-2.1.0.tgz",
      "integrity": "sha1-6h9/O4DwZCNug0cPhsCcJU+0Wwk=",
      "dev": true,
      "requires": {
        "binary-extensions": "^2.0.0"
      }
    },
    "is-extglob": {
      "version": "2.1.1",
      "resolved": "http://artifactory.pscoe.vmware.com/artifactory/api/npm/pscoe-npm/is-extglob/-/is-extglob-2.1.1.tgz",
      "integrity": "sha1-qIwCU1eR8C7TfHahueqXc8gz+MI="
    },
    "is-fullwidth-code-point": {
      "version": "3.0.0",
      "resolved": "http://artifactory.pscoe.vmware.com/artifactory/api/npm/pscoe-npm/is-fullwidth-code-point/-/is-fullwidth-code-point-3.0.0.tgz",
      "integrity": "sha1-8Rb4Bk/pCz94RKOJl8C3UFEmnx0=",
      "dev": true
    },
    "is-glob": {
      "version": "4.0.3",
      "resolved": "http://artifactory.pscoe.vmware.com/artifactory/api/npm/pscoe-npm/is-glob/-/is-glob-4.0.3.tgz",
      "integrity": "sha1-ZPYeQsu7LuwgcanawLKLoeZdUIQ=",
      "requires": {
        "is-extglob": "^2.1.1"
      }
    },
    "is-number": {
      "version": "7.0.0",
      "resolved": "http://artifactory.pscoe.vmware.com/artifactory/api/npm/pscoe-npm/is-number/-/is-number-7.0.0.tgz",
      "integrity": "sha1-dTU0W4lnNNX4DE0GxQlVUnoU8Ss="
    },
    "is-plain-obj": {
      "version": "2.1.0",
      "resolved": "http://artifactory.pscoe.vmware.com/artifactory/api/npm/pscoe-npm/is-plain-obj/-/is-plain-obj-2.1.0.tgz",
      "integrity": "sha1-ReQuN/zPH0Dajl927iFRWEDAkoc=",
      "dev": true
    },
    "is-stream": {
      "version": "2.0.1",
      "resolved": "http://artifactory.pscoe.vmware.com/artifactory/api/npm/pscoe-npm/is-stream/-/is-stream-2.0.1.tgz",
      "integrity": "sha1-+sHj1TuXrVqdCunO8jifWBClwHc="
    },
    "is-unicode-supported": {
      "version": "0.1.0",
      "resolved": "http://artifactory.pscoe.vmware.com/artifactory/api/npm/pscoe-npm/is-unicode-supported/-/is-unicode-supported-0.1.0.tgz",
      "integrity": "sha1-PybHaoCVk7Ur+i7LVxDtJ3m1Iqc=",
      "dev": true
    },
    "isexe": {
      "version": "2.0.0",
      "resolved": "http://artifactory.pscoe.vmware.com/artifactory/api/npm/pscoe-npm/isexe/-/isexe-2.0.0.tgz",
      "integrity": "sha1-6PvzdNxVb/iUehDcsFctYz8s+hA="
    },
    "js-yaml": {
      "version": "3.14.0",
      "resolved": "http://artifactory.pscoe.vmware.com/artifactory/api/npm/pscoe-npm/js-yaml/-/js-yaml-3.14.0.tgz",
      "integrity": "sha1-p6NBcPJqIbsWJCTYray0ETpp5II=",
      "requires": {
        "argparse": "^1.0.7",
        "esprima": "^4.0.0"
      }
    },
    "jsonfile": {
      "version": "6.1.0",
      "resolved": "http://artifactory.pscoe.vmware.com/artifactory/api/npm/pscoe-npm/jsonfile/-/jsonfile-6.1.0.tgz",
      "integrity": "sha1-vFWyY0eTxnnsZAMJTrE2mKbsCq4=",
      "requires": {
        "graceful-fs": "^4.1.6",
        "universalify": "^2.0.0"
      }
    },
    "kuler": {
      "version": "2.0.0",
      "resolved": "http://artifactory.pscoe.vmware.com/artifactory/api/npm/pscoe-npm/kuler/-/kuler-2.0.0.tgz",
      "integrity": "sha1-4sVwo4ADiPtEQH6FFTHB1nCwYbM="
    },
    "locate-path": {
      "version": "6.0.0",
      "resolved": "http://artifactory.pscoe.vmware.com/artifactory/api/npm/pscoe-npm/locate-path/-/locate-path-6.0.0.tgz",
      "integrity": "sha1-VTIeswn+u8WcSAHZMackUqaB0oY=",
      "dev": true,
      "requires": {
        "p-locate": "^5.0.0"
      }
    },
    "lodash": {
      "version": "4.17.21",
      "resolved": "http://artifactory.pscoe.vmware.com/artifactory/api/npm/pscoe-npm/lodash/-/lodash-4.17.21.tgz",
      "integrity": "sha1-Z5WRxWTDv/quhFTPCz3zcMPWkRw="
    },
    "lodash.camelcase": {
      "version": "4.3.0",
      "resolved": "http://artifactory.pscoe.vmware.com/artifactory/api/npm/pscoe-npm/lodash.camelcase/-/lodash.camelcase-4.3.0.tgz",
      "integrity": "sha1-soqmKIorn8ZRA1x3EfZathkDMaY="
    },
    "log-symbols": {
      "version": "4.1.0",
      "resolved": "http://artifactory.pscoe.vmware.com/artifactory/api/npm/pscoe-npm/log-symbols/-/log-symbols-4.1.0.tgz",
      "integrity": "sha1-P727lbRoOsn8eFER55LlWNSr1QM=",
      "dev": true,
      "requires": {
        "chalk": "^4.1.0",
        "is-unicode-supported": "^0.1.0"
      }
    },
    "logform": {
      "version": "2.5.1",
      "resolved": "http://artifactory.pscoe.vmware.com/artifactory/api/npm/pscoe-npm/logform/-/logform-2.5.1.tgz",
      "integrity": "sha1-RMd8NL7NcbOkKjlwx3kp5Sxu1Is=",
      "requires": {
        "@colors/colors": "1.5.0",
        "@types/triple-beam": "^1.3.2",
        "fecha": "^4.2.0",
        "ms": "^2.1.1",
        "safe-stable-stringify": "^2.3.1",
        "triple-beam": "^1.3.0"
      }
    },
    "make-error": {
      "version": "1.3.6",
      "resolved": "http://artifactory.pscoe.vmware.com/artifactory/api/npm/pscoe-npm/make-error/-/make-error-1.3.6.tgz",
      "integrity": "sha1-LrLjfqm2fEiR9oShOUeZr0hM96I=",
      "dev": true
    },
    "merge2": {
      "version": "1.4.1",
      "resolved": "http://artifactory.pscoe.vmware.com/artifactory/api/npm/pscoe-npm/merge2/-/merge2-1.4.1.tgz",
      "integrity": "sha1-Q2iJL4hekHRVpv19xVwMnUBJkK4="
    },
    "micromatch": {
      "version": "4.0.5",
      "resolved": "http://artifactory.pscoe.vmware.com/artifactory/api/npm/pscoe-npm/micromatch/-/micromatch-4.0.5.tgz",
      "integrity": "sha1-vImZp8u/d83InxMvbkZwUbSQkMY=",
      "requires": {
        "braces": "^3.0.2",
        "picomatch": "^2.3.1"
      }
    },
    "minimatch": {
      "version": "5.0.1",
      "resolved": "http://artifactory.pscoe.vmware.com/artifactory/api/npm/pscoe-npm/minimatch/-/minimatch-5.0.1.tgz",
      "integrity": "sha1-+5Ai91KBJRh8kr2em2NmvhzzQVs=",
      "dev": true,
      "requires": {
        "brace-expansion": "^2.0.1"
      },
      "dependencies": {
        "brace-expansion": {
          "version": "2.0.1",
          "resolved": "http://artifactory.pscoe.vmware.com/artifactory/api/npm/pscoe-npm/brace-expansion/-/brace-expansion-2.0.1.tgz",
          "integrity": "sha1-HtxFng8MVISG7Pn8mfIiE2S5oK4=",
          "dev": true,
          "requires": {
            "balanced-match": "^1.0.0"
          }
        }
      }
    },
    "mocha": {
      "version": "10.2.0",
      "resolved": "http://artifactory.pscoe.vmware.com/artifactory/api/npm/pscoe-npm/mocha/-/mocha-10.2.0.tgz",
      "integrity": "sha1-H9SnwyulrDcuA6F+70Nb0A5caLg=",
      "dev": true,
      "requires": {
        "ansi-colors": "4.1.1",
        "browser-stdout": "1.3.1",
        "chokidar": "3.5.3",
        "debug": "4.3.4",
        "diff": "5.0.0",
        "escape-string-regexp": "4.0.0",
        "find-up": "5.0.0",
        "glob": "7.2.0",
        "he": "1.2.0",
        "js-yaml": "4.1.0",
        "log-symbols": "4.1.0",
        "minimatch": "5.0.1",
        "ms": "2.1.3",
        "nanoid": "3.3.3",
        "serialize-javascript": "6.0.0",
        "strip-json-comments": "3.1.1",
        "supports-color": "8.1.1",
        "workerpool": "6.2.1",
        "yargs": "16.2.0",
        "yargs-parser": "20.2.4",
        "yargs-unparser": "2.0.0"
      },
      "dependencies": {
        "argparse": {
          "version": "2.0.1",
          "resolved": "http://artifactory.pscoe.vmware.com/artifactory/api/npm/pscoe-npm/argparse/-/argparse-2.0.1.tgz",
          "integrity": "sha1-JG9Q88p4oyQPbJl+ipvR6sSeSzg=",
          "dev": true
        },
        "js-yaml": {
          "version": "4.1.0",
          "resolved": "http://artifactory.pscoe.vmware.com/artifactory/api/npm/pscoe-npm/js-yaml/-/js-yaml-4.1.0.tgz",
          "integrity": "sha1-wftl+PUBeQHN0slRhkuhhFihBgI=",
          "dev": true,
          "requires": {
            "argparse": "^2.0.1"
          }
        }
      }
    },
    "ms": {
      "version": "2.1.3",
      "resolved": "http://artifactory.pscoe.vmware.com/artifactory/api/npm/pscoe-npm/ms/-/ms-2.1.3.tgz",
      "integrity": "sha1-V0yBOM4dK1hh8LRFedut1gxmFbI="
    },
    "nanoid": {
      "version": "3.3.3",
      "resolved": "http://artifactory.pscoe.vmware.com/artifactory/api/npm/pscoe-npm/nanoid/-/nanoid-3.3.3.tgz",
      "integrity": "sha1-/Y6Leqdh/oB9ui0bmPtyQbtySiU=",
      "dev": true
    },
    "normalize-path": {
      "version": "3.0.0",
      "resolved": "http://artifactory.pscoe.vmware.com/artifactory/api/npm/pscoe-npm/normalize-path/-/normalize-path-3.0.0.tgz",
      "integrity": "sha1-Dc1p/yOhybEf0JeDFmRKA4ghamU=",
      "dev": true
    },
    "once": {
      "version": "1.4.0",
      "resolved": "http://artifactory.pscoe.vmware.com/artifactory/api/npm/pscoe-npm/once/-/once-1.4.0.tgz",
      "integrity": "sha1-WDsap3WWHUsROsF9nFC6753Xa9E=",
      "dev": true,
      "requires": {
        "wrappy": "1"
      }
    },
    "one-time": {
      "version": "1.0.0",
      "resolved": "http://artifactory.pscoe.vmware.com/artifactory/api/npm/pscoe-npm/one-time/-/one-time-1.0.0.tgz",
      "integrity": "sha1-4GvBdK7SFO1Y7e3lc7Qzu/gny0U=",
      "requires": {
        "fn.name": "1.x.x"
      }
    },
    "p-limit": {
      "version": "3.1.0",
      "resolved": "http://artifactory.pscoe.vmware.com/artifactory/api/npm/pscoe-npm/p-limit/-/p-limit-3.1.0.tgz",
      "integrity": "sha1-4drMvnjQ0TiMoYxk/qOOPlfjcGs=",
      "dev": true,
      "requires": {
        "yocto-queue": "^0.1.0"
      }
    },
    "p-locate": {
      "version": "5.0.0",
      "resolved": "http://artifactory.pscoe.vmware.com/artifactory/api/npm/pscoe-npm/p-locate/-/p-locate-5.0.0.tgz",
      "integrity": "sha1-g8gxXGeFAF470CGDlBHJ4RDm2DQ=",
      "dev": true,
      "requires": {
        "p-limit": "^3.0.2"
      }
    },
    "path-exists": {
      "version": "4.0.0",
      "resolved": "http://artifactory.pscoe.vmware.com/artifactory/api/npm/pscoe-npm/path-exists/-/path-exists-4.0.0.tgz",
      "integrity": "sha1-UTvb4tO5XXdi6METfvoZXGxhtbM=",
      "dev": true
    },
    "path-is-absolute": {
      "version": "1.0.1",
      "resolved": "http://artifactory.pscoe.vmware.com/artifactory/api/npm/pscoe-npm/path-is-absolute/-/path-is-absolute-1.0.1.tgz",
      "integrity": "sha1-F0uSaHNVNP+8es5r9TpanhtcX18=",
      "dev": true
    },
    "path-type": {
      "version": "4.0.0",
      "resolved": "http://artifactory.pscoe.vmware.com/artifactory/api/npm/pscoe-npm/path-type/-/path-type-4.0.0.tgz",
      "integrity": "sha1-hO0BwKe6OAr+CdkKjBgNzZ0DBDs="
    },
    "picomatch": {
      "version": "2.3.1",
      "resolved": "http://artifactory.pscoe.vmware.com/artifactory/api/npm/pscoe-npm/picomatch/-/picomatch-2.3.1.tgz",
      "integrity": "sha1-O6ODNzNkbZ0+SZWUbBNlpn+wekI="
    },
    "queue-microtask": {
      "version": "1.2.3",
      "resolved": "http://artifactory.pscoe.vmware.com/artifactory/api/npm/pscoe-npm/queue-microtask/-/queue-microtask-1.2.3.tgz",
      "integrity": "sha1-SSkii7xyTfrEPg77BYyve2z7YkM="
    },
    "randombytes": {
      "version": "2.1.0",
      "resolved": "http://artifactory.pscoe.vmware.com/artifactory/api/npm/pscoe-npm/randombytes/-/randombytes-2.1.0.tgz",
      "integrity": "sha1-32+ENy8CcNxlzfYpE0mrekc9Tyo=",
      "dev": true,
      "requires": {
        "safe-buffer": "^5.1.0"
      }
    },
    "readable-stream": {
      "version": "3.6.2",
      "resolved": "http://artifactory.pscoe.vmware.com/artifactory/api/npm/pscoe-npm/readable-stream/-/readable-stream-3.6.2.tgz",
      "integrity": "sha1-VqmzbqllwAxak+8x6xEaDxEFaWc=",
      "requires": {
        "inherits": "^2.0.3",
        "string_decoder": "^1.1.1",
        "util-deprecate": "^1.0.1"
      }
    },
    "readdirp": {
      "version": "3.6.0",
      "resolved": "http://artifactory.pscoe.vmware.com/artifactory/api/npm/pscoe-npm/readdirp/-/readdirp-3.6.0.tgz",
      "integrity": "sha1-dKNwvYVxFuJFspzJc0DNQxoCpsc=",
      "dev": true,
      "requires": {
        "picomatch": "^2.2.1"
      }
    },
    "require-directory": {
      "version": "2.1.1",
      "resolved": "http://artifactory.pscoe.vmware.com/artifactory/api/npm/pscoe-npm/require-directory/-/require-directory-2.1.1.tgz",
      "integrity": "sha1-jGStX9MNqxyXbiNE/+f3kqam30I=",
      "dev": true
    },
    "reusify": {
      "version": "1.0.4",
      "resolved": "http://artifactory.pscoe.vmware.com/artifactory/api/npm/pscoe-npm/reusify/-/reusify-1.0.4.tgz",
      "integrity": "sha1-kNo4Kx4SbvwCFG6QhFqI2xKSXXY="
    },
    "run-parallel": {
      "version": "1.2.0",
      "resolved": "http://artifactory.pscoe.vmware.com/artifactory/api/npm/pscoe-npm/run-parallel/-/run-parallel-1.2.0.tgz",
      "integrity": "sha1-ZtE2jae9+SHrnZW9GpIp5/IaQ+4=",
      "requires": {
        "queue-microtask": "^1.2.2"
      }
    },
    "run-script-os": {
      "version": "1.1.6",
      "resolved": "http://artifactory.pscoe.vmware.com/artifactory/api/npm/pscoe-npm/run-script-os/-/run-script-os-1.1.6.tgz",
      "integrity": "sha1-iwF3+xtUyZpnD5XH/cVPGLnHI0c=",
      "dev": true
    },
    "safe-buffer": {
      "version": "5.2.1",
      "resolved": "http://artifactory.pscoe.vmware.com/artifactory/api/npm/pscoe-npm/safe-buffer/-/safe-buffer-5.2.1.tgz",
      "integrity": "sha1-Hq+fqb2x/dTsdfWPnNtOa3gn7sY="
    },
    "safe-stable-stringify": {
      "version": "2.4.3",
      "resolved": "http://artifactory.pscoe.vmware.com/artifactory/api/npm/pscoe-npm/safe-stable-stringify/-/safe-stable-stringify-2.4.3.tgz",
      "integrity": "sha1-E4yEtvbts9tfjvPvcRW49VzL+IY="
    },
    "serialize-javascript": {
      "version": "6.0.0",
      "resolved": "http://artifactory.pscoe.vmware.com/artifactory/api/npm/pscoe-npm/serialize-javascript/-/serialize-javascript-6.0.0.tgz",
      "integrity": "sha1-765diPRdeSQUHai1w6en5mP+/rg=",
      "dev": true,
      "requires": {
        "randombytes": "^2.1.0"
      }
    },
    "simple-swizzle": {
      "version": "0.2.2",
      "resolved": "http://artifactory.pscoe.vmware.com/artifactory/api/npm/pscoe-npm/simple-swizzle/-/simple-swizzle-0.2.2.tgz",
      "integrity": "sha1-pNprY1/8zMoz9w0Xy5JZLeleVXo=",
      "requires": {
        "is-arrayish": "^0.3.1"
      }
    },
    "slash": {
      "version": "3.0.0",
      "resolved": "http://artifactory.pscoe.vmware.com/artifactory/api/npm/pscoe-npm/slash/-/slash-3.0.0.tgz",
      "integrity": "sha1-ZTm+hwwWWtvVJAIg2+Nh8bxNRjQ="
    },
    "source-map": {
      "version": "0.6.1",
      "resolved": "http://artifactory.pscoe.vmware.com/artifactory/api/npm/pscoe-npm/source-map/-/source-map-0.6.1.tgz",
      "integrity": "sha1-dHIq8y6WFOnCh6jQu95IteLxomM=",
      "dev": true
    },
    "source-map-support": {
      "version": "0.5.21",
      "resolved": "http://artifactory.pscoe.vmware.com/artifactory/api/npm/pscoe-npm/source-map-support/-/source-map-support-0.5.21.tgz",
      "integrity": "sha1-BP58f54e0tZiIzwoyys1ufY/bk8=",
      "dev": true,
      "requires": {
        "buffer-from": "^1.0.0",
        "source-map": "^0.6.0"
      }
    },
    "sprintf-js": {
      "version": "1.0.3",
      "resolved": "http://artifactory.pscoe.vmware.com/artifactory/api/npm/pscoe-npm/sprintf-js/-/sprintf-js-1.0.3.tgz",
      "integrity": "sha1-BOaSb2YolTVPPdAVIDYzuFcpfiw="
    },
    "stack-trace": {
      "version": "0.0.10",
      "resolved": "http://artifactory.pscoe.vmware.com/artifactory/api/npm/pscoe-npm/stack-trace/-/stack-trace-0.0.10.tgz",
      "integrity": "sha1-VHxws0fo0ytOEI6hoqFZ5f3eGcA="
    },
    "string-width": {
      "version": "4.2.3",
      "resolved": "http://artifactory.pscoe.vmware.com/artifactory/api/npm/pscoe-npm/string-width/-/string-width-4.2.3.tgz",
      "integrity": "sha1-JpxxF9J7Ba0uU2gwqOyJXvnG0BA=",
      "dev": true,
      "requires": {
        "emoji-regex": "^8.0.0",
        "is-fullwidth-code-point": "^3.0.0",
        "strip-ansi": "^6.0.1"
      }
    },
    "string_decoder": {
      "version": "1.3.0",
      "resolved": "http://artifactory.pscoe.vmware.com/artifactory/api/npm/pscoe-npm/string_decoder/-/string_decoder-1.3.0.tgz",
      "integrity": "sha1-QvEUWUpGzxqOMLCoT1bHjD7awh4=",
      "requires": {
        "safe-buffer": "~5.2.0"
      }
    },
    "strip-ansi": {
      "version": "6.0.1",
      "resolved": "http://artifactory.pscoe.vmware.com/artifactory/api/npm/pscoe-npm/strip-ansi/-/strip-ansi-6.0.1.tgz",
      "integrity": "sha1-nibGPTD1NEPpSJSVshBdN7Z6hdk=",
      "dev": true,
      "requires": {
        "ansi-regex": "^5.0.1"
      }
    },
    "strip-json-comments": {
      "version": "3.1.1",
      "resolved": "http://artifactory.pscoe.vmware.com/artifactory/api/npm/pscoe-npm/strip-json-comments/-/strip-json-comments-3.1.1.tgz",
      "integrity": "sha1-MfEoGzgyYwQ0gxwxDAHMzajL4AY=",
      "dev": true
    },
    "supports-color": {
      "version": "8.1.1",
      "resolved": "http://artifactory.pscoe.vmware.com/artifactory/api/npm/pscoe-npm/supports-color/-/supports-color-8.1.1.tgz",
      "integrity": "sha1-zW/BfihQDP9WwbhsCn/UpUpzAFw=",
      "dev": true,
      "requires": {
        "has-flag": "^4.0.0"
      }
    },
    "text-hex": {
      "version": "1.0.0",
      "resolved": "http://artifactory.pscoe.vmware.com/artifactory/api/npm/pscoe-npm/text-hex/-/text-hex-1.0.0.tgz",
      "integrity": "sha1-adycGxdEbueakr9biEu0uRJ1BvU="
    },
    "to-regex-range": {
      "version": "5.0.1",
      "resolved": "http://artifactory.pscoe.vmware.com/artifactory/api/npm/pscoe-npm/to-regex-range/-/to-regex-range-5.0.1.tgz",
      "integrity": "sha1-FkjESq58jZiKMmAY7XL1tN0DkuQ=",
      "requires": {
        "is-number": "^7.0.0"
      }
    },
    "triple-beam": {
      "version": "1.3.0",
      "resolved": "http://artifactory.pscoe.vmware.com/artifactory/api/npm/pscoe-npm/triple-beam/-/triple-beam-1.3.0.tgz",
      "integrity": "sha1-pZUhTHKY24M57u7gg+TRC9jLjdk="
    },
    "ts-node": {
      "version": "8.10.2",
      "resolved": "http://artifactory.pscoe.vmware.com/artifactory/api/npm/pscoe-npm/ts-node/-/ts-node-8.10.2.tgz",
      "integrity": "sha1-7uA3ZGM7EjTd03+NuewQt17H+40=",
      "dev": true,
      "requires": {
        "arg": "^4.1.0",
        "diff": "^4.0.1",
        "make-error": "^1.1.1",
        "source-map-support": "^0.5.17",
        "yn": "3.1.1"
      },
      "dependencies": {
        "diff": {
          "version": "4.0.2",
          "resolved": "http://artifactory.pscoe.vmware.com/artifactory/api/npm/pscoe-npm/diff/-/diff-4.0.2.tgz",
          "integrity": "sha1-YPOuy4nV+uUgwRqhnvwruYKq3n0=",
          "dev": true
        }
      }
    },
    "typescript": {
      "version": "3.9.10",
      "resolved": "http://artifactory.pscoe.vmware.com/artifactory/api/npm/pscoe-npm/typescript/-/typescript-3.9.10.tgz",
      "integrity": "sha1-cPORCselHta+952ngAaQsZv3eLg="
    },
    "typical": {
      "version": "4.0.0",
      "resolved": "http://artifactory.pscoe.vmware.com/artifactory/api/npm/pscoe-npm/typical/-/typical-4.0.0.tgz",
      "integrity": "sha1-y+r/O5164eK7+vWk5vEezP3pT8Q="
    },
    "universalify": {
      "version": "2.0.0",
      "resolved": "http://artifactory.pscoe.vmware.com/artifactory/api/npm/pscoe-npm/universalify/-/universalify-2.0.0.tgz",
      "integrity": "sha1-daSYTv7cSwiXXFrrc/Uw0C3yVxc="
    },
    "util-deprecate": {
      "version": "1.0.2",
      "resolved": "http://artifactory.pscoe.vmware.com/artifactory/api/npm/pscoe-npm/util-deprecate/-/util-deprecate-1.0.2.tgz",
      "integrity": "sha1-RQ1Nyfpw3nMnYvvS1KKJgUGaDM8="
    },
    "uuid": {
      "version": "8.3.2",
      "resolved": "http://artifactory.pscoe.vmware.com/artifactory/api/npm/pscoe-npm/uuid/-/uuid-8.3.2.tgz",
      "integrity": "sha1-gNW1ztJxu5r2xEXyGhoExgbO++I="
    },
    "which": {
      "version": "2.0.2",
      "resolved": "http://artifactory.pscoe.vmware.com/artifactory/api/npm/pscoe-npm/which/-/which-2.0.2.tgz",
      "integrity": "sha1-fGqN0KY2oDJ+ELWckobu6T8/UbE=",
      "requires": {
        "isexe": "^2.0.0"
      }
    },
    "winston": {
      "version": "3.9.0",
      "resolved": "http://artifactory.pscoe.vmware.com/artifactory/api/npm/pscoe-npm/winston/-/winston-3.9.0.tgz",
      "integrity": "sha1-K73rgWenX6xtmgxtACiQzZCAFsI=",
      "requires": {
        "@colors/colors": "1.5.0",
        "@dabh/diagnostics": "^2.0.2",
        "async": "^3.2.3",
        "is-stream": "^2.0.0",
        "logform": "^2.4.0",
        "one-time": "^1.0.0",
        "readable-stream": "^3.4.0",
        "safe-stable-stringify": "^2.3.1",
        "stack-trace": "0.0.x",
        "triple-beam": "^1.3.0",
        "winston-transport": "^4.5.0"
      }
    },
    "winston-transport": {
      "version": "4.5.0",
      "resolved": "http://artifactory.pscoe.vmware.com/artifactory/api/npm/pscoe-npm/winston-transport/-/winston-transport-4.5.0.tgz",
      "integrity": "sha1-bnsN0E05MXHtXk5JBdsmX3qzhPo=",
      "requires": {
        "logform": "^2.3.2",
        "readable-stream": "^3.6.0",
        "triple-beam": "^1.3.0"
      }
    },
    "workerpool": {
      "version": "6.2.1",
      "resolved": "http://artifactory.pscoe.vmware.com/artifactory/api/npm/pscoe-npm/workerpool/-/workerpool-6.2.1.tgz",
      "integrity": "sha1-RvwVDBfYJrhqAI5aRQhlZ3fpw0M=",
      "dev": true
    },
    "wrap-ansi": {
      "version": "7.0.0",
      "resolved": "http://artifactory.pscoe.vmware.com/artifactory/api/npm/pscoe-npm/wrap-ansi/-/wrap-ansi-7.0.0.tgz",
      "integrity": "sha1-Z+FFz/UQpqaYS98RUpEdadLrnkM=",
      "dev": true,
      "requires": {
        "ansi-styles": "^4.0.0",
        "string-width": "^4.1.0",
        "strip-ansi": "^6.0.0"
      }
    },
    "wrappy": {
      "version": "1.0.2",
      "resolved": "http://artifactory.pscoe.vmware.com/artifactory/api/npm/pscoe-npm/wrappy/-/wrappy-1.0.2.tgz",
      "integrity": "sha1-tSQ9jz7BqjXxNkYFvA0QNuMKtp8=",
      "dev": true
    },
    "xmlbuilder2": {
      "version": "2.4.1",
      "resolved": "http://artifactory.pscoe.vmware.com/artifactory/api/npm/pscoe-npm/xmlbuilder2/-/xmlbuilder2-2.4.1.tgz",
      "integrity": "sha1-iZx4OoMxiMWlqm88VCijlj8+R50=",
      "requires": {
        "@oozcitak/dom": "1.15.8",
        "@oozcitak/infra": "1.0.8",
        "@oozcitak/util": "8.3.8",
        "@types/node": "*",
        "js-yaml": "3.14.0"
      },
      "dependencies": {
        "@types/node": {
          "version": "20.2.5",
          "resolved": "http://artifactory.pscoe.vmware.com/artifactory/api/npm/pscoe-npm/@types/node/-/node-20.2.5.tgz",
          "integrity": "sha1-JtKV81cDI7KDfTIhgN+/G6FW/vs="
        }
      }
    },
    "y18n": {
      "version": "5.0.8",
      "resolved": "http://artifactory.pscoe.vmware.com/artifactory/api/npm/pscoe-npm/y18n/-/y18n-5.0.8.tgz",
      "integrity": "sha1-f0k00PfKjFb5UxSTndzS3ZHOHVU=",
      "dev": true
    },
    "yargs": {
      "version": "16.2.0",
      "resolved": "http://artifactory.pscoe.vmware.com/artifactory/api/npm/pscoe-npm/yargs/-/yargs-16.2.0.tgz",
      "integrity": "sha1-HIK/D2tqZur85+8w43b0mhJHf2Y=",
      "dev": true,
      "requires": {
        "cliui": "^7.0.2",
        "escalade": "^3.1.1",
        "get-caller-file": "^2.0.5",
        "require-directory": "^2.1.1",
        "string-width": "^4.2.0",
        "y18n": "^5.0.5",
        "yargs-parser": "^20.2.2"
      }
    },
    "yargs-parser": {
      "version": "20.2.4",
      "resolved": "http://artifactory.pscoe.vmware.com/artifactory/api/npm/pscoe-npm/yargs-parser/-/yargs-parser-20.2.4.tgz",
      "integrity": "sha1-tCiQ8UVmeW+Fro46JSkNIF8VSlQ=",
      "dev": true
    },
    "yargs-unparser": {
      "version": "2.0.0",
      "resolved": "http://artifactory.pscoe.vmware.com/artifactory/api/npm/pscoe-npm/yargs-unparser/-/yargs-unparser-2.0.0.tgz",
      "integrity": "sha1-8TH5ImkRrl2a04xDL+gJNmwjJes=",
      "dev": true,
      "requires": {
        "camelcase": "^6.0.0",
        "decamelize": "^4.0.0",
        "flat": "^5.0.2",
        "is-plain-obj": "^2.1.0"
      }
    },
    "yn": {
      "version": "3.1.1",
      "resolved": "http://artifactory.pscoe.vmware.com/artifactory/api/npm/pscoe-npm/yn/-/yn-3.1.1.tgz",
      "integrity": "sha1-HodAGgnXZ8HV6rJqbkwYUYLS61A=",
      "dev": true
    },
    "yocto-queue": {
      "version": "0.1.0",
      "resolved": "http://artifactory.pscoe.vmware.com/artifactory/api/npm/pscoe-npm/yocto-queue/-/yocto-queue-0.1.0.tgz",
      "integrity": "sha1-ApTrPe4FAo0x7hpfosVWpqrxChs=",
      "dev": true
    }
  }
}
